
Microsoft Visual Studio Solution File, Format Version 12.00
# Visual Studio Version 17
VisualStudioVersion = 17.8.34525.116
MinimumVisualStudioVersion = 10.0.40219.1
Project("{FAE04EC0-301F-11D3-BF4B-00C04F79EFBC}") = "CodeWarsExercises", "CodeWarsExercises.csproj", "{9AEAB8F5-FF2F-49E2-82F8-7D3E8A0A772D}"
EndProject
Global
	GlobalSection(SolutionConfigurationPlatforms) = preSolution
		Debug|Any CPU = Debug|Any CPU
		Release|Any CPU = Release|Any CPU
	EndGlobalSection
	GlobalSection(ProjectConfigurationPlatforms) = postSolution
		{9AEAB8F5-FF2F-49E2-82F8-7D3E8A0A772D}.Debug|Any CPU.ActiveCfg = Debug|Any CPU
		{9AEAB8F5-FF2F-49E2-82F8-7D3E8A0A772D}.Debug|Any CPU.Build.0 = Debug|Any CPU
		{9AEAB8F5-FF2F-49E2-82F8-7D3E8A0A772D}.Release|Any CPU.ActiveCfg = Release|Any CPU
		{9AEAB8F5-FF2F-49E2-82F8-7D3E8A0A772D}.Release|Any CPU.Build.0 = Release|Any CPU
	EndGlobalSection
	GlobalSection(SolutionProperties) = preSolution
		HideSolutionNode = FALSE
	EndGlobalSection
	GlobalSection(ExtensibilityGlobals) = postSolution
		SolutionGuid = {11267904-F7CA-4A3A-9943-644BC7F65399}
	EndGlobalSection
EndGlobal
